
Microsoft Visual Studio Solution File, Format Version 12.00
# Visual Studio Version 16
VisualStudioVersion = 16.0.29306.81
MinimumVisualStudioVersion = 10.0.40219.1
Project("{2150E333-8FDC-42A3-9474-1A3956D46DE8}") = "Solution Items", "Solution Items", "{3A407BCE-4A7A-4DB3-A64F-5F7D7B80BE97}"
EndProject
Project("{2150E333-8FDC-42A3-9474-1A3956D46DE8}") = "SQL", "SQL", "{031FFE96-4965-4D1E-AD80-1D051CF27AF8}"
	ProjectSection(SolutionItems) = preProject
		SQL\sipsorcery-mssql.sql = SQL\sipsorcery-mssql.sql
		SQL\sipsorcery-others.sql = SQL\sipsorcery-others.sql
	EndProjectSection
EndProject
Project("{FAE04EC0-301F-11D3-BF4B-00C04F79EFBC}") = "SIPSorcery.SIPProxy", "SIPSorcery.SIPProxy\SIPSorcery.SIPProxy.csproj", "{F3AC0ABC-D48F-4280-B0CF-B20CD0C5B2E1}"
EndProject
Project("{FAE04EC0-301F-11D3-BF4B-00C04F79EFBC}") = "SIPSorcery.SIPMonitor", "SIPSorcery.SIPMonitor\SIPSorcery.SIPMonitor.csproj", "{1BCEA4F5-881E-45EA-AC28-B79CCF018CFD}"
EndProject
Project("{FAE04EC0-301F-11D3-BF4B-00C04F79EFBC}") = "SIPSorcery.SIPAppServer", "SIPSorcery.SIPAppServer\SIPSorcery.SIPAppServer.csproj", "{0B889844-B3E3-4D37-ADF2-F94758D0E14E}"
EndProject
Project("{FAE04EC0-301F-11D3-BF4B-00C04F79EFBC}") = "SIPSorcery.SIPRegistrar", "SIPSorcery.SIPRegistrar\SIPSorcery.SIPRegistrar.csproj", "{1767A1B1-03AD-4264-9611-C0C36545E7C8}"
EndProject
Project("{FAE04EC0-301F-11D3-BF4B-00C04F79EFBC}") = "SIPSorcery.SIPRegistrationAgent", "SIPSorcery.SIPRegistrationAgent\SIPSorcery.SIPRegistrationAgent.csproj", "{92B0EB84-6587-4D7A-803B-C9FA0230A4B3}"
EndProject
Project("{FAE04EC0-301F-11D3-BF4B-00C04F79EFBC}") = "SIPSorcery.SSHServer", "SIPSorcery.SSH\SIPSorcery.SSHServer.csproj", "{CED321D0-33FB-485F-82D4-C188BE03ECE9}"
EndProject
Project("{FAE04EC0-301F-11D3-BF4B-00C04F79EFBC}") = "SIPSorcery.WatchTower", "SIPSorcery.WatchTower\SIPSorcery.WatchTower.csproj", "{9D85DDE9-7F22-428F-BC5D-73CBB4540746}"
EndProject
Project("{FAE04EC0-301F-11D3-BF4B-00C04F79EFBC}") = "SIPSorcery.SIPNotifier", "SIPSorcery.SIPNotifier\SIPSorcery.SIPNotifier.csproj", "{BF948391-531B-4F0C-A5EE-51F4B787BF68}"
EndProject
Project("{FAE04EC0-301F-11D3-BF4B-00C04F79EFBC}") = "SIPSorcery.SIPAllInOne", "SIPSorcery.AllInOne\SIPSorcery.SIPAllInOne.csproj", "{239E384E-BF07-4FE2-B218-162FE95EC341}"
EndProject
Project("{FAE04EC0-301F-11D3-BF4B-00C04F79EFBC}") = "SIPSorcery.RTCC", "SIPSorcery.RTCC\SIPSorcery.RTCC.csproj", "{4587EE4B-857B-4C43-A944-8B53F3D78F12}"
EndProject
Project("{FAE04EC0-301F-11D3-BF4B-00C04F79EFBC}") = "SIPSorcery.AppServer.DialPlan", "SIPSorcery.AppServer.DialPlan\SIPSorcery.AppServer.DialPlan.csproj", "{DC87DB52-5C99-4282-ABEA-F7EC81AC6D4C}"
EndProject
Project("{FAE04EC0-301F-11D3-BF4B-00C04F79EFBC}") = "SIPSorcery.AppState", "SIPSorcery.AppState\SIPSorcery.AppState.csproj", "{20AF158C-F359-4A05-9026-FA413420196F}"
EndProject
Project("{FAE04EC0-301F-11D3-BF4B-00C04F79EFBC}") = "SIPSorcery.CRM", "SIPSorcery.CRM\SIPSorcery.CRM.csproj", "{F951789F-1ABB-42E8-BB51-F028DC4824EF}"
EndProject
Project("{FAE04EC0-301F-11D3-BF4B-00C04F79EFBC}") = "SIPSorcery.Entities", "SIPSorcery.Entities\SIPSorcery.Entities.csproj", "{8EB4E07E-76C8-445A-8252-5B392A9C12FB}"
EndProject
Project("{FAE04EC0-301F-11D3-BF4B-00C04F79EFBC}") = "SIPSorcery.Persistence", "SIPSorcery.Persistence\SIPSorcery.Persistence.csproj", "{7194705F-5564-4040-BC8A-8FAD806F5408}"
EndProject
Project("{FAE04EC0-301F-11D3-BF4B-00C04F79EFBC}") = "SIPSorcery.Servers.Cores", "SIPSorcery.Servers.Cores\SIPSorcery.Servers.Cores.csproj", "{CEA8E4DD-9CE4-4878-B075-34522417ACD0}"
EndProject
Project("{FAE04EC0-301F-11D3-BF4B-00C04F79EFBC}") = "SIPSorcery.Web.Services", "SIPSorcery.Web.Services\SIPSorcery.Web.Services.csproj", "{5D73FBAC-897F-4FEA-BAF9-61823545FE70}"
EndProject
Project("{2150E333-8FDC-42A3-9474-1A3956D46DE8}") = "Tests", "Tests", "{5E5944F2-C3F4-4A8B-AE53-C9F81FD1B2D4}"
EndProject
Project("{2150E333-8FDC-42A3-9474-1A3956D46DE8}") = "TestsIntegration", "TestsIntegration", "{E353AD37-2C6D-4B65-9FB6-78A373453A40}"
EndProject
Project("{FAE04EC0-301F-11D3-BF4B-00C04F79EFBC}") = "SIPSorcery.AppServer.DialPlan.UnitTests", "Tests\SIPSorcery.AppServer.DialPlan.UnitTests\SIPSorcery.AppServer.DialPlan.UnitTests.csproj", "{976A21FD-126C-409E-A9E8-4E2278D67360}"
EndProject
Project("{FAE04EC0-301F-11D3-BF4B-00C04F79EFBC}") = "SIPSorcery.CRM.UnitTests", "Tests\SIPSorcery.CRM.UnitTests\SIPSorcery.CRM.UnitTests.csproj", "{1F5CAE96-9ABC-4F9C-964A-86DDD9AC272E}"
EndProject
Project("{FAE04EC0-301F-11D3-BF4B-00C04F79EFBC}") = "SIPSorcery.Entities.UnitTests", "Tests\SIPSorcery.Entities.UnitTests\SIPSorcery.Entities.UnitTests.csproj", "{8A2CFE65-422F-4F16-8841-B44067BAB59F}"
EndProject
Project("{FAE04EC0-301F-11D3-BF4B-00C04F79EFBC}") = "SIPSorcery.Persistence.UnitTests", "Tests\SIPSorcery.Persistence.UnitTests\SIPSorcery.Persistence.UnitTests.csproj", "{DACB52F5-8A31-49D8-AEA6-F4A68A184FBE}"
EndProject
Project("{FAE04EC0-301F-11D3-BF4B-00C04F79EFBC}") = "SIPSorcery.Web.Services.Test", "Tests\SIPSorcery.Web.Services.Test\SIPSorcery.Web.Services.Test.csproj", "{0E37C7C5-D19B-4D55-B4F0-F95FED155AE3}"
EndProject
Project("{FAE04EC0-301F-11D3-BF4B-00C04F79EFBC}") = "SIPSorcery.Entities.IntegrationTests", "TestsIntegration\SIPSorcery.Entities.IntegrationTests\SIPSorcery.Entities.IntegrationTests.csproj", "{3853A052-236B-4A7F-B55A-804E9DCBAA93}"
EndProject
Project("{FAE04EC0-301F-11D3-BF4B-00C04F79EFBC}") = "SIPSorcery.Persistence.IntegrationTests", "TestsIntegration\SIPSorcery.Persistence.IntegrationTests\SIPSorcery.Persistence.IntegrationTests.csproj", "{28F1F1FE-C048-4AF0-9D5F-697FD1947070}"
EndProject
Global
	GlobalSection(SolutionConfigurationPlatforms) = preSolution
		Debug|Any CPU = Debug|Any CPU
		Debug|Mixed Platforms = Debug|Mixed Platforms
		Debug|x64 = Debug|x64
		Debug|x86 = Debug|x86
		Debugx64|Any CPU = Debugx64|Any CPU
		Debugx64|Mixed Platforms = Debugx64|Mixed Platforms
		Debugx64|x64 = Debugx64|x64
		Debugx64|x86 = Debugx64|x86
		Release|Any CPU = Release|Any CPU
		Release|Mixed Platforms = Release|Mixed Platforms
		Release|x64 = Release|x64
		Release|x86 = Release|x86
	EndGlobalSection
	GlobalSection(ProjectConfigurationPlatforms) = postSolution
		{F3AC0ABC-D48F-4280-B0CF-B20CD0C5B2E1}.Debug|Any CPU.ActiveCfg = Debug|Any CPU
		{F3AC0ABC-D48F-4280-B0CF-B20CD0C5B2E1}.Debug|Any CPU.Build.0 = Debug|Any CPU
		{F3AC0ABC-D48F-4280-B0CF-B20CD0C5B2E1}.Debug|Mixed Platforms.ActiveCfg = Debug|Any CPU
		{F3AC0ABC-D48F-4280-B0CF-B20CD0C5B2E1}.Debug|Mixed Platforms.Build.0 = Debug|Any CPU
		{F3AC0ABC-D48F-4280-B0CF-B20CD0C5B2E1}.Debug|x64.ActiveCfg = Debug|Any CPU
		{F3AC0ABC-D48F-4280-B0CF-B20CD0C5B2E1}.Debug|x64.Build.0 = Debug|Any CPU
		{F3AC0ABC-D48F-4280-B0CF-B20CD0C5B2E1}.Debug|x86.ActiveCfg = Debug|Any CPU
		{F3AC0ABC-D48F-4280-B0CF-B20CD0C5B2E1}.Debugx64|Any CPU.ActiveCfg = Debug|Any CPU
		{F3AC0ABC-D48F-4280-B0CF-B20CD0C5B2E1}.Debugx64|Any CPU.Build.0 = Debug|Any CPU
		{F3AC0ABC-D48F-4280-B0CF-B20CD0C5B2E1}.Debugx64|Mixed Platforms.ActiveCfg = Debug|Any CPU
		{F3AC0ABC-D48F-4280-B0CF-B20CD0C5B2E1}.Debugx64|Mixed Platforms.Build.0 = Debug|Any CPU
		{F3AC0ABC-D48F-4280-B0CF-B20CD0C5B2E1}.Debugx64|x64.ActiveCfg = Debug|Any CPU
		{F3AC0ABC-D48F-4280-B0CF-B20CD0C5B2E1}.Debugx64|x64.Build.0 = Debug|Any CPU
		{F3AC0ABC-D48F-4280-B0CF-B20CD0C5B2E1}.Debugx64|x86.ActiveCfg = Debug|Any CPU
		{F3AC0ABC-D48F-4280-B0CF-B20CD0C5B2E1}.Debugx64|x86.Build.0 = Debug|Any CPU
		{F3AC0ABC-D48F-4280-B0CF-B20CD0C5B2E1}.Release|Any CPU.ActiveCfg = Release|Any CPU
		{F3AC0ABC-D48F-4280-B0CF-B20CD0C5B2E1}.Release|Any CPU.Build.0 = Release|Any CPU
		{F3AC0ABC-D48F-4280-B0CF-B20CD0C5B2E1}.Release|Mixed Platforms.ActiveCfg = Release|Any CPU
		{F3AC0ABC-D48F-4280-B0CF-B20CD0C5B2E1}.Release|Mixed Platforms.Build.0 = Release|Any CPU
		{F3AC0ABC-D48F-4280-B0CF-B20CD0C5B2E1}.Release|x64.ActiveCfg = Release|Any CPU
		{F3AC0ABC-D48F-4280-B0CF-B20CD0C5B2E1}.Release|x64.Build.0 = Release|Any CPU
		{F3AC0ABC-D48F-4280-B0CF-B20CD0C5B2E1}.Release|x86.ActiveCfg = Release|Any CPU
		{1BCEA4F5-881E-45EA-AC28-B79CCF018CFD}.Debug|Any CPU.ActiveCfg = Debug|Any CPU
		{1BCEA4F5-881E-45EA-AC28-B79CCF018CFD}.Debug|Any CPU.Build.0 = Debug|Any CPU
		{1BCEA4F5-881E-45EA-AC28-B79CCF018CFD}.Debug|Mixed Platforms.ActiveCfg = Debug|Any CPU
		{1BCEA4F5-881E-45EA-AC28-B79CCF018CFD}.Debug|Mixed Platforms.Build.0 = Debug|Any CPU
		{1BCEA4F5-881E-45EA-AC28-B79CCF018CFD}.Debug|x64.ActiveCfg = Debug|Any CPU
		{1BCEA4F5-881E-45EA-AC28-B79CCF018CFD}.Debug|x64.Build.0 = Debug|Any CPU
		{1BCEA4F5-881E-45EA-AC28-B79CCF018CFD}.Debug|x86.ActiveCfg = Debug|Any CPU
		{1BCEA4F5-881E-45EA-AC28-B79CCF018CFD}.Debugx64|Any CPU.ActiveCfg = Debug|Any CPU
		{1BCEA4F5-881E-45EA-AC28-B79CCF018CFD}.Debugx64|Any CPU.Build.0 = Debug|Any CPU
		{1BCEA4F5-881E-45EA-AC28-B79CCF018CFD}.Debugx64|Mixed Platforms.ActiveCfg = Debug|Any CPU
		{1BCEA4F5-881E-45EA-AC28-B79CCF018CFD}.Debugx64|Mixed Platforms.Build.0 = Debug|Any CPU
		{1BCEA4F5-881E-45EA-AC28-B79CCF018CFD}.Debugx64|x64.ActiveCfg = Debug|Any CPU
		{1BCEA4F5-881E-45EA-AC28-B79CCF018CFD}.Debugx64|x64.Build.0 = Debug|Any CPU
		{1BCEA4F5-881E-45EA-AC28-B79CCF018CFD}.Debugx64|x86.ActiveCfg = Debug|Any CPU
		{1BCEA4F5-881E-45EA-AC28-B79CCF018CFD}.Debugx64|x86.Build.0 = Debug|Any CPU
		{1BCEA4F5-881E-45EA-AC28-B79CCF018CFD}.Release|Any CPU.ActiveCfg = Release|Any CPU
		{1BCEA4F5-881E-45EA-AC28-B79CCF018CFD}.Release|Any CPU.Build.0 = Release|Any CPU
		{1BCEA4F5-881E-45EA-AC28-B79CCF018CFD}.Release|Mixed Platforms.ActiveCfg = Release|Any CPU
		{1BCEA4F5-881E-45EA-AC28-B79CCF018CFD}.Release|Mixed Platforms.Build.0 = Release|Any CPU
		{1BCEA4F5-881E-45EA-AC28-B79CCF018CFD}.Release|x64.ActiveCfg = Release|Any CPU
		{1BCEA4F5-881E-45EA-AC28-B79CCF018CFD}.Release|x64.Build.0 = Release|Any CPU
		{1BCEA4F5-881E-45EA-AC28-B79CCF018CFD}.Release|x86.ActiveCfg = Release|Any CPU
		{0B889844-B3E3-4D37-ADF2-F94758D0E14E}.Debug|Any CPU.ActiveCfg = Debug|Any CPU
		{0B889844-B3E3-4D37-ADF2-F94758D0E14E}.Debug|Any CPU.Build.0 = Debug|Any CPU
		{0B889844-B3E3-4D37-ADF2-F94758D0E14E}.Debug|Mixed Platforms.ActiveCfg = Debug|Any CPU
		{0B889844-B3E3-4D37-ADF2-F94758D0E14E}.Debug|Mixed Platforms.Build.0 = Debug|Any CPU
		{0B889844-B3E3-4D37-ADF2-F94758D0E14E}.Debug|x64.ActiveCfg = Debug|Any CPU
		{0B889844-B3E3-4D37-ADF2-F94758D0E14E}.Debug|x64.Build.0 = Debug|Any CPU
		{0B889844-B3E3-4D37-ADF2-F94758D0E14E}.Debug|x86.ActiveCfg = Debug|Any CPU
		{0B889844-B3E3-4D37-ADF2-F94758D0E14E}.Debugx64|Any CPU.ActiveCfg = Debug|Any CPU
		{0B889844-B3E3-4D37-ADF2-F94758D0E14E}.Debugx64|Any CPU.Build.0 = Debug|Any CPU
		{0B889844-B3E3-4D37-ADF2-F94758D0E14E}.Debugx64|Mixed Platforms.ActiveCfg = Debug|Any CPU
		{0B889844-B3E3-4D37-ADF2-F94758D0E14E}.Debugx64|Mixed Platforms.Build.0 = Debug|Any CPU
		{0B889844-B3E3-4D37-ADF2-F94758D0E14E}.Debugx64|x64.ActiveCfg = Debug|Any CPU
		{0B889844-B3E3-4D37-ADF2-F94758D0E14E}.Debugx64|x64.Build.0 = Debug|Any CPU
		{0B889844-B3E3-4D37-ADF2-F94758D0E14E}.Debugx64|x86.ActiveCfg = Debug|Any CPU
		{0B889844-B3E3-4D37-ADF2-F94758D0E14E}.Debugx64|x86.Build.0 = Debug|Any CPU
		{0B889844-B3E3-4D37-ADF2-F94758D0E14E}.Release|Any CPU.ActiveCfg = Release|Any CPU
		{0B889844-B3E3-4D37-ADF2-F94758D0E14E}.Release|Any CPU.Build.0 = Release|Any CPU
		{0B889844-B3E3-4D37-ADF2-F94758D0E14E}.Release|Mixed Platforms.ActiveCfg = Release|Any CPU
		{0B889844-B3E3-4D37-ADF2-F94758D0E14E}.Release|Mixed Platforms.Build.0 = Release|Any CPU
		{0B889844-B3E3-4D37-ADF2-F94758D0E14E}.Release|x64.ActiveCfg = Release|Any CPU
		{0B889844-B3E3-4D37-ADF2-F94758D0E14E}.Release|x64.Build.0 = Release|Any CPU
		{0B889844-B3E3-4D37-ADF2-F94758D0E14E}.Release|x86.ActiveCfg = Release|Any CPU
		{1767A1B1-03AD-4264-9611-C0C36545E7C8}.Debug|Any CPU.ActiveCfg = Debug|Any CPU
		{1767A1B1-03AD-4264-9611-C0C36545E7C8}.Debug|Any CPU.Build.0 = Debug|Any CPU
		{1767A1B1-03AD-4264-9611-C0C36545E7C8}.Debug|Mixed Platforms.ActiveCfg = Debug|Any CPU
		{1767A1B1-03AD-4264-9611-C0C36545E7C8}.Debug|Mixed Platforms.Build.0 = Debug|Any CPU
		{1767A1B1-03AD-4264-9611-C0C36545E7C8}.Debug|x64.ActiveCfg = Debug|Any CPU
		{1767A1B1-03AD-4264-9611-C0C36545E7C8}.Debug|x64.Build.0 = Debug|Any CPU
		{1767A1B1-03AD-4264-9611-C0C36545E7C8}.Debug|x86.ActiveCfg = Debug|Any CPU
		{1767A1B1-03AD-4264-9611-C0C36545E7C8}.Debugx64|Any CPU.ActiveCfg = Debug|Any CPU
		{1767A1B1-03AD-4264-9611-C0C36545E7C8}.Debugx64|Any CPU.Build.0 = Debug|Any CPU
		{1767A1B1-03AD-4264-9611-C0C36545E7C8}.Debugx64|Mixed Platforms.ActiveCfg = Debug|Any CPU
		{1767A1B1-03AD-4264-9611-C0C36545E7C8}.Debugx64|Mixed Platforms.Build.0 = Debug|Any CPU
		{1767A1B1-03AD-4264-9611-C0C36545E7C8}.Debugx64|x64.ActiveCfg = Debug|Any CPU
		{1767A1B1-03AD-4264-9611-C0C36545E7C8}.Debugx64|x64.Build.0 = Debug|Any CPU
		{1767A1B1-03AD-4264-9611-C0C36545E7C8}.Debugx64|x86.ActiveCfg = Debug|Any CPU
		{1767A1B1-03AD-4264-9611-C0C36545E7C8}.Debugx64|x86.Build.0 = Debug|Any CPU
		{1767A1B1-03AD-4264-9611-C0C36545E7C8}.Release|Any CPU.ActiveCfg = Release|Any CPU
		{1767A1B1-03AD-4264-9611-C0C36545E7C8}.Release|Any CPU.Build.0 = Release|Any CPU
		{1767A1B1-03AD-4264-9611-C0C36545E7C8}.Release|Mixed Platforms.ActiveCfg = Release|Any CPU
		{1767A1B1-03AD-4264-9611-C0C36545E7C8}.Release|Mixed Platforms.Build.0 = Release|Any CPU
		{1767A1B1-03AD-4264-9611-C0C36545E7C8}.Release|x64.ActiveCfg = Release|Any CPU
		{1767A1B1-03AD-4264-9611-C0C36545E7C8}.Release|x64.Build.0 = Release|Any CPU
		{1767A1B1-03AD-4264-9611-C0C36545E7C8}.Release|x86.ActiveCfg = Release|Any CPU
		{92B0EB84-6587-4D7A-803B-C9FA0230A4B3}.Debug|Any CPU.ActiveCfg = Debug|Any CPU
		{92B0EB84-6587-4D7A-803B-C9FA0230A4B3}.Debug|Any CPU.Build.0 = Debug|Any CPU
		{92B0EB84-6587-4D7A-803B-C9FA0230A4B3}.Debug|Mixed Platforms.ActiveCfg = Debug|Any CPU
		{92B0EB84-6587-4D7A-803B-C9FA0230A4B3}.Debug|Mixed Platforms.Build.0 = Debug|Any CPU
		{92B0EB84-6587-4D7A-803B-C9FA0230A4B3}.Debug|x64.ActiveCfg = Debug|Any CPU
		{92B0EB84-6587-4D7A-803B-C9FA0230A4B3}.Debug|x64.Build.0 = Debug|Any CPU
		{92B0EB84-6587-4D7A-803B-C9FA0230A4B3}.Debug|x86.ActiveCfg = Debug|Any CPU
		{92B0EB84-6587-4D7A-803B-C9FA0230A4B3}.Debugx64|Any CPU.ActiveCfg = Debug|Any CPU
		{92B0EB84-6587-4D7A-803B-C9FA0230A4B3}.Debugx64|Any CPU.Build.0 = Debug|Any CPU
		{92B0EB84-6587-4D7A-803B-C9FA0230A4B3}.Debugx64|Mixed Platforms.ActiveCfg = Debug|Any CPU
		{92B0EB84-6587-4D7A-803B-C9FA0230A4B3}.Debugx64|Mixed Platforms.Build.0 = Debug|Any CPU
		{92B0EB84-6587-4D7A-803B-C9FA0230A4B3}.Debugx64|x64.ActiveCfg = Debug|Any CPU
		{92B0EB84-6587-4D7A-803B-C9FA0230A4B3}.Debugx64|x64.Build.0 = Debug|Any CPU
		{92B0EB84-6587-4D7A-803B-C9FA0230A4B3}.Debugx64|x86.ActiveCfg = Debug|Any CPU
		{92B0EB84-6587-4D7A-803B-C9FA0230A4B3}.Debugx64|x86.Build.0 = Debug|Any CPU
		{92B0EB84-6587-4D7A-803B-C9FA0230A4B3}.Release|Any CPU.ActiveCfg = Release|Any CPU
		{92B0EB84-6587-4D7A-803B-C9FA0230A4B3}.Release|Any CPU.Build.0 = Release|Any CPU
		{92B0EB84-6587-4D7A-803B-C9FA0230A4B3}.Release|Mixed Platforms.ActiveCfg = Release|Any CPU
		{92B0EB84-6587-4D7A-803B-C9FA0230A4B3}.Release|Mixed Platforms.Build.0 = Release|Any CPU
		{92B0EB84-6587-4D7A-803B-C9FA0230A4B3}.Release|x64.ActiveCfg = Release|Any CPU
		{92B0EB84-6587-4D7A-803B-C9FA0230A4B3}.Release|x64.Build.0 = Release|Any CPU
		{92B0EB84-6587-4D7A-803B-C9FA0230A4B3}.Release|x86.ActiveCfg = Release|Any CPU
		{CED321D0-33FB-485F-82D4-C188BE03ECE9}.Debug|Any CPU.ActiveCfg = Debug|Any CPU
		{CED321D0-33FB-485F-82D4-C188BE03ECE9}.Debug|Any CPU.Build.0 = Debug|Any CPU
		{CED321D0-33FB-485F-82D4-C188BE03ECE9}.Debug|Mixed Platforms.ActiveCfg = Debug|Any CPU
		{CED321D0-33FB-485F-82D4-C188BE03ECE9}.Debug|Mixed Platforms.Build.0 = Debug|Any CPU
		{CED321D0-33FB-485F-82D4-C188BE03ECE9}.Debug|x64.ActiveCfg = Debug|Any CPU
		{CED321D0-33FB-485F-82D4-C188BE03ECE9}.Debug|x64.Build.0 = Debug|Any CPU
		{CED321D0-33FB-485F-82D4-C188BE03ECE9}.Debug|x86.ActiveCfg = Debug|Any CPU
		{CED321D0-33FB-485F-82D4-C188BE03ECE9}.Debugx64|Any CPU.ActiveCfg = Debug|Any CPU
		{CED321D0-33FB-485F-82D4-C188BE03ECE9}.Debugx64|Any CPU.Build.0 = Debug|Any CPU
		{CED321D0-33FB-485F-82D4-C188BE03ECE9}.Debugx64|Mixed Platforms.ActiveCfg = Debug|Any CPU
		{CED321D0-33FB-485F-82D4-C188BE03ECE9}.Debugx64|Mixed Platforms.Build.0 = Debug|Any CPU
		{CED321D0-33FB-485F-82D4-C188BE03ECE9}.Debugx64|x64.ActiveCfg = Debug|Any CPU
		{CED321D0-33FB-485F-82D4-C188BE03ECE9}.Debugx64|x64.Build.0 = Debug|Any CPU
		{CED321D0-33FB-485F-82D4-C188BE03ECE9}.Debugx64|x86.ActiveCfg = Debug|Any CPU
		{CED321D0-33FB-485F-82D4-C188BE03ECE9}.Debugx64|x86.Build.0 = Debug|Any CPU
		{CED321D0-33FB-485F-82D4-C188BE03ECE9}.Release|Any CPU.ActiveCfg = Release|Any CPU
		{CED321D0-33FB-485F-82D4-C188BE03ECE9}.Release|Any CPU.Build.0 = Release|Any CPU
		{CED321D0-33FB-485F-82D4-C188BE03ECE9}.Release|Mixed Platforms.ActiveCfg = Release|Any CPU
		{CED321D0-33FB-485F-82D4-C188BE03ECE9}.Release|Mixed Platforms.Build.0 = Release|Any CPU
		{CED321D0-33FB-485F-82D4-C188BE03ECE9}.Release|x64.ActiveCfg = Release|Any CPU
		{CED321D0-33FB-485F-82D4-C188BE03ECE9}.Release|x64.Build.0 = Release|Any CPU
		{CED321D0-33FB-485F-82D4-C188BE03ECE9}.Release|x86.ActiveCfg = Release|Any CPU
		{9D85DDE9-7F22-428F-BC5D-73CBB4540746}.Debug|Any CPU.ActiveCfg = Debug|Any CPU
		{9D85DDE9-7F22-428F-BC5D-73CBB4540746}.Debug|Any CPU.Build.0 = Debug|Any CPU
		{9D85DDE9-7F22-428F-BC5D-73CBB4540746}.Debug|Mixed Platforms.ActiveCfg = Debug|Any CPU
		{9D85DDE9-7F22-428F-BC5D-73CBB4540746}.Debug|Mixed Platforms.Build.0 = Debug|Any CPU
		{9D85DDE9-7F22-428F-BC5D-73CBB4540746}.Debug|x64.ActiveCfg = Debug|Any CPU
		{9D85DDE9-7F22-428F-BC5D-73CBB4540746}.Debug|x64.Build.0 = Debug|Any CPU
		{9D85DDE9-7F22-428F-BC5D-73CBB4540746}.Debug|x86.ActiveCfg = Debug|Any CPU
		{9D85DDE9-7F22-428F-BC5D-73CBB4540746}.Debugx64|Any CPU.ActiveCfg = Debug|Any CPU
		{9D85DDE9-7F22-428F-BC5D-73CBB4540746}.Debugx64|Any CPU.Build.0 = Debug|Any CPU
		{9D85DDE9-7F22-428F-BC5D-73CBB4540746}.Debugx64|Mixed Platforms.ActiveCfg = Debug|Any CPU
		{9D85DDE9-7F22-428F-BC5D-73CBB4540746}.Debugx64|Mixed Platforms.Build.0 = Debug|Any CPU
		{9D85DDE9-7F22-428F-BC5D-73CBB4540746}.Debugx64|x64.ActiveCfg = Debug|Any CPU
		{9D85DDE9-7F22-428F-BC5D-73CBB4540746}.Debugx64|x64.Build.0 = Debug|Any CPU
		{9D85DDE9-7F22-428F-BC5D-73CBB4540746}.Debugx64|x86.ActiveCfg = Debug|Any CPU
		{9D85DDE9-7F22-428F-BC5D-73CBB4540746}.Debugx64|x86.Build.0 = Debug|Any CPU
		{9D85DDE9-7F22-428F-BC5D-73CBB4540746}.Release|Any CPU.ActiveCfg = Release|Any CPU
		{9D85DDE9-7F22-428F-BC5D-73CBB4540746}.Release|Any CPU.Build.0 = Release|Any CPU
		{9D85DDE9-7F22-428F-BC5D-73CBB4540746}.Release|Mixed Platforms.ActiveCfg = Release|Any CPU
		{9D85DDE9-7F22-428F-BC5D-73CBB4540746}.Release|Mixed Platforms.Build.0 = Release|Any CPU
		{9D85DDE9-7F22-428F-BC5D-73CBB4540746}.Release|x64.ActiveCfg = Release|Any CPU
		{9D85DDE9-7F22-428F-BC5D-73CBB4540746}.Release|x64.Build.0 = Release|Any CPU
		{9D85DDE9-7F22-428F-BC5D-73CBB4540746}.Release|x86.ActiveCfg = Release|Any CPU
		{BF948391-531B-4F0C-A5EE-51F4B787BF68}.Debug|Any CPU.ActiveCfg = Debug|Any CPU
		{BF948391-531B-4F0C-A5EE-51F4B787BF68}.Debug|Any CPU.Build.0 = Debug|Any CPU
		{BF948391-531B-4F0C-A5EE-51F4B787BF68}.Debug|Mixed Platforms.ActiveCfg = Debug|Any CPU
		{BF948391-531B-4F0C-A5EE-51F4B787BF68}.Debug|Mixed Platforms.Build.0 = Debug|Any CPU
		{BF948391-531B-4F0C-A5EE-51F4B787BF68}.Debug|x64.ActiveCfg = Debug|Any CPU
		{BF948391-531B-4F0C-A5EE-51F4B787BF68}.Debug|x64.Build.0 = Debug|Any CPU
		{BF948391-531B-4F0C-A5EE-51F4B787BF68}.Debug|x86.ActiveCfg = Debug|x86
		{BF948391-531B-4F0C-A5EE-51F4B787BF68}.Debug|x86.Build.0 = Debug|x86
		{BF948391-531B-4F0C-A5EE-51F4B787BF68}.Debugx64|Any CPU.ActiveCfg = Debug|Any CPU
		{BF948391-531B-4F0C-A5EE-51F4B787BF68}.Debugx64|Any CPU.Build.0 = Debug|Any CPU
		{BF948391-531B-4F0C-A5EE-51F4B787BF68}.Debugx64|Mixed Platforms.ActiveCfg = Debug|x86
		{BF948391-531B-4F0C-A5EE-51F4B787BF68}.Debugx64|Mixed Platforms.Build.0 = Debug|x86
		{BF948391-531B-4F0C-A5EE-51F4B787BF68}.Debugx64|x64.ActiveCfg = Debug|Any CPU
		{BF948391-531B-4F0C-A5EE-51F4B787BF68}.Debugx64|x64.Build.0 = Debug|Any CPU
		{BF948391-531B-4F0C-A5EE-51F4B787BF68}.Debugx64|x86.ActiveCfg = Debug|x86
		{BF948391-531B-4F0C-A5EE-51F4B787BF68}.Debugx64|x86.Build.0 = Debug|x86
		{BF948391-531B-4F0C-A5EE-51F4B787BF68}.Release|Any CPU.ActiveCfg = Release|Any CPU
		{BF948391-531B-4F0C-A5EE-51F4B787BF68}.Release|Any CPU.Build.0 = Release|Any CPU
		{BF948391-531B-4F0C-A5EE-51F4B787BF68}.Release|Mixed Platforms.ActiveCfg = Release|x86
		{BF948391-531B-4F0C-A5EE-51F4B787BF68}.Release|Mixed Platforms.Build.0 = Release|x86
		{BF948391-531B-4F0C-A5EE-51F4B787BF68}.Release|x64.ActiveCfg = Release|Any CPU
		{BF948391-531B-4F0C-A5EE-51F4B787BF68}.Release|x64.Build.0 = Release|Any CPU
		{BF948391-531B-4F0C-A5EE-51F4B787BF68}.Release|x86.ActiveCfg = Release|x86
		{BF948391-531B-4F0C-A5EE-51F4B787BF68}.Release|x86.Build.0 = Release|x86
		{239E384E-BF07-4FE2-B218-162FE95EC341}.Debug|Any CPU.ActiveCfg = Debug|Any CPU
		{239E384E-BF07-4FE2-B218-162FE95EC341}.Debug|Any CPU.Build.0 = Debug|Any CPU
		{239E384E-BF07-4FE2-B218-162FE95EC341}.Debug|Mixed Platforms.ActiveCfg = Debug|Any CPU
		{239E384E-BF07-4FE2-B218-162FE95EC341}.Debug|Mixed Platforms.Build.0 = Debug|Any CPU
		{239E384E-BF07-4FE2-B218-162FE95EC341}.Debug|x64.ActiveCfg = Debug|Any CPU
		{239E384E-BF07-4FE2-B218-162FE95EC341}.Debug|x64.Build.0 = Debug|Any CPU
		{239E384E-BF07-4FE2-B218-162FE95EC341}.Debug|x86.ActiveCfg = Debug|Any CPU
		{239E384E-BF07-4FE2-B218-162FE95EC341}.Debugx64|Any CPU.ActiveCfg = Debug|Any CPU
		{239E384E-BF07-4FE2-B218-162FE95EC341}.Debugx64|Any CPU.Build.0 = Debug|Any CPU
		{239E384E-BF07-4FE2-B218-162FE95EC341}.Debugx64|Mixed Platforms.ActiveCfg = Debug|Any CPU
		{239E384E-BF07-4FE2-B218-162FE95EC341}.Debugx64|Mixed Platforms.Build.0 = Debug|Any CPU
		{239E384E-BF07-4FE2-B218-162FE95EC341}.Debugx64|x64.ActiveCfg = Debug|Any CPU
		{239E384E-BF07-4FE2-B218-162FE95EC341}.Debugx64|x64.Build.0 = Debug|Any CPU
		{239E384E-BF07-4FE2-B218-162FE95EC341}.Debugx64|x86.ActiveCfg = Debug|Any CPU
		{239E384E-BF07-4FE2-B218-162FE95EC341}.Debugx64|x86.Build.0 = Debug|Any CPU
		{239E384E-BF07-4FE2-B218-162FE95EC341}.Release|Any CPU.ActiveCfg = Release|Any CPU
		{239E384E-BF07-4FE2-B218-162FE95EC341}.Release|Any CPU.Build.0 = Release|Any CPU
		{239E384E-BF07-4FE2-B218-162FE95EC341}.Release|Mixed Platforms.ActiveCfg = Release|Any CPU
		{239E384E-BF07-4FE2-B218-162FE95EC341}.Release|Mixed Platforms.Build.0 = Release|Any CPU
		{239E384E-BF07-4FE2-B218-162FE95EC341}.Release|x64.ActiveCfg = Release|Any CPU
		{239E384E-BF07-4FE2-B218-162FE95EC341}.Release|x64.Build.0 = Release|Any CPU
		{239E384E-BF07-4FE2-B218-162FE95EC341}.Release|x86.ActiveCfg = Release|Any CPU
		{4587EE4B-857B-4C43-A944-8B53F3D78F12}.Debug|Any CPU.ActiveCfg = Debug|Any CPU
		{4587EE4B-857B-4C43-A944-8B53F3D78F12}.Debug|Any CPU.Build.0 = Debug|Any CPU
		{4587EE4B-857B-4C43-A944-8B53F3D78F12}.Debug|Mixed Platforms.ActiveCfg = Debug|Any CPU
		{4587EE4B-857B-4C43-A944-8B53F3D78F12}.Debug|Mixed Platforms.Build.0 = Debug|Any CPU
		{4587EE4B-857B-4C43-A944-8B53F3D78F12}.Debug|x64.ActiveCfg = Debug|Any CPU
		{4587EE4B-857B-4C43-A944-8B53F3D78F12}.Debug|x64.Build.0 = Debug|Any CPU
		{4587EE4B-857B-4C43-A944-8B53F3D78F12}.Debug|x86.ActiveCfg = Debug|x86
		{4587EE4B-857B-4C43-A944-8B53F3D78F12}.Debug|x86.Build.0 = Debug|x86
		{4587EE4B-857B-4C43-A944-8B53F3D78F12}.Debugx64|Any CPU.ActiveCfg = Debug|Any CPU
		{4587EE4B-857B-4C43-A944-8B53F3D78F12}.Debugx64|Any CPU.Build.0 = Debug|Any CPU
		{4587EE4B-857B-4C43-A944-8B53F3D78F12}.Debugx64|Mixed Platforms.ActiveCfg = Debug|x86
		{4587EE4B-857B-4C43-A944-8B53F3D78F12}.Debugx64|Mixed Platforms.Build.0 = Debug|x86
		{4587EE4B-857B-4C43-A944-8B53F3D78F12}.Debugx64|x64.ActiveCfg = Debug|Any CPU
		{4587EE4B-857B-4C43-A944-8B53F3D78F12}.Debugx64|x64.Build.0 = Debug|Any CPU
		{4587EE4B-857B-4C43-A944-8B53F3D78F12}.Debugx64|x86.ActiveCfg = Debug|x86
		{4587EE4B-857B-4C43-A944-8B53F3D78F12}.Debugx64|x86.Build.0 = Debug|x86
		{4587EE4B-857B-4C43-A944-8B53F3D78F12}.Release|Any CPU.ActiveCfg = Release|Any CPU
		{4587EE4B-857B-4C43-A944-8B53F3D78F12}.Release|Any CPU.Build.0 = Release|Any CPU
		{4587EE4B-857B-4C43-A944-8B53F3D78F12}.Release|Mixed Platforms.ActiveCfg = Release|x86
		{4587EE4B-857B-4C43-A944-8B53F3D78F12}.Release|Mixed Platforms.Build.0 = Release|x86
		{4587EE4B-857B-4C43-A944-8B53F3D78F12}.Release|x64.ActiveCfg = Release|Any CPU
		{4587EE4B-857B-4C43-A944-8B53F3D78F12}.Release|x64.Build.0 = Release|Any CPU
		{4587EE4B-857B-4C43-A944-8B53F3D78F12}.Release|x86.ActiveCfg = Release|x86
		{4587EE4B-857B-4C43-A944-8B53F3D78F12}.Release|x86.Build.0 = Release|x86
		{DC87DB52-5C99-4282-ABEA-F7EC81AC6D4C}.Debug|Any CPU.ActiveCfg = Debug|Any CPU
		{DC87DB52-5C99-4282-ABEA-F7EC81AC6D4C}.Debug|Any CPU.Build.0 = Debug|Any CPU
		{DC87DB52-5C99-4282-ABEA-F7EC81AC6D4C}.Debug|Mixed Platforms.ActiveCfg = Debug|x86
		{DC87DB52-5C99-4282-ABEA-F7EC81AC6D4C}.Debug|Mixed Platforms.Build.0 = Debug|x86
		{DC87DB52-5C99-4282-ABEA-F7EC81AC6D4C}.Debug|x64.ActiveCfg = Debug|x64
		{DC87DB52-5C99-4282-ABEA-F7EC81AC6D4C}.Debug|x64.Build.0 = Debug|x64
		{DC87DB52-5C99-4282-ABEA-F7EC81AC6D4C}.Debug|x86.ActiveCfg = Debug|x86
		{DC87DB52-5C99-4282-ABEA-F7EC81AC6D4C}.Debug|x86.Build.0 = Debug|x86
		{DC87DB52-5C99-4282-ABEA-F7EC81AC6D4C}.Debugx64|Any CPU.ActiveCfg = Debugx64|Any CPU
		{DC87DB52-5C99-4282-ABEA-F7EC81AC6D4C}.Debugx64|Any CPU.Build.0 = Debugx64|Any CPU
		{DC87DB52-5C99-4282-ABEA-F7EC81AC6D4C}.Debugx64|Mixed Platforms.ActiveCfg = Debugx64|x86
		{DC87DB52-5C99-4282-ABEA-F7EC81AC6D4C}.Debugx64|Mixed Platforms.Build.0 = Debugx64|x86
		{DC87DB52-5C99-4282-ABEA-F7EC81AC6D4C}.Debugx64|x64.ActiveCfg = Debugx64|x64
		{DC87DB52-5C99-4282-ABEA-F7EC81AC6D4C}.Debugx64|x64.Build.0 = Debugx64|x64
		{DC87DB52-5C99-4282-ABEA-F7EC81AC6D4C}.Debugx64|x86.ActiveCfg = Debugx64|x86
		{DC87DB52-5C99-4282-ABEA-F7EC81AC6D4C}.Debugx64|x86.Build.0 = Debugx64|x86
		{DC87DB52-5C99-4282-ABEA-F7EC81AC6D4C}.Release|Any CPU.ActiveCfg = Release|Any CPU
		{DC87DB52-5C99-4282-ABEA-F7EC81AC6D4C}.Release|Any CPU.Build.0 = Release|Any CPU
		{DC87DB52-5C99-4282-ABEA-F7EC81AC6D4C}.Release|Mixed Platforms.ActiveCfg = Release|x86
		{DC87DB52-5C99-4282-ABEA-F7EC81AC6D4C}.Release|Mixed Platforms.Build.0 = Release|x86
		{DC87DB52-5C99-4282-ABEA-F7EC81AC6D4C}.Release|x64.ActiveCfg = Release|x64
		{DC87DB52-5C99-4282-ABEA-F7EC81AC6D4C}.Release|x64.Build.0 = Release|x64
		{DC87DB52-5C99-4282-ABEA-F7EC81AC6D4C}.Release|x86.ActiveCfg = Release|x86
		{DC87DB52-5C99-4282-ABEA-F7EC81AC6D4C}.Release|x86.Build.0 = Release|x86
		{20AF158C-F359-4A05-9026-FA413420196F}.Debug|Any CPU.ActiveCfg = Debug|Any CPU
		{20AF158C-F359-4A05-9026-FA413420196F}.Debug|Any CPU.Build.0 = Debug|Any CPU
		{20AF158C-F359-4A05-9026-FA413420196F}.Debug|Mixed Platforms.ActiveCfg = Debug|Any CPU
		{20AF158C-F359-4A05-9026-FA413420196F}.Debug|Mixed Platforms.Build.0 = Debug|Any CPU
		{20AF158C-F359-4A05-9026-FA413420196F}.Debug|x64.ActiveCfg = Debug|Any CPU
		{20AF158C-F359-4A05-9026-FA413420196F}.Debug|x64.Build.0 = Debug|Any CPU
		{20AF158C-F359-4A05-9026-FA413420196F}.Debug|x86.ActiveCfg = Debug|Any CPU
		{20AF158C-F359-4A05-9026-FA413420196F}.Debug|x86.Build.0 = Debug|Any CPU
		{20AF158C-F359-4A05-9026-FA413420196F}.Debugx64|Any CPU.ActiveCfg = Debug|Any CPU
		{20AF158C-F359-4A05-9026-FA413420196F}.Debugx64|Any CPU.Build.0 = Debug|Any CPU
		{20AF158C-F359-4A05-9026-FA413420196F}.Debugx64|Mixed Platforms.ActiveCfg = Debug|Any CPU
		{20AF158C-F359-4A05-9026-FA413420196F}.Debugx64|Mixed Platforms.Build.0 = Debug|Any CPU
		{20AF158C-F359-4A05-9026-FA413420196F}.Debugx64|x64.ActiveCfg = Debug|Any CPU
		{20AF158C-F359-4A05-9026-FA413420196F}.Debugx64|x64.Build.0 = Debug|Any CPU
		{20AF158C-F359-4A05-9026-FA413420196F}.Debugx64|x86.ActiveCfg = Debug|Any CPU
		{20AF158C-F359-4A05-9026-FA413420196F}.Debugx64|x86.Build.0 = Debug|Any CPU
		{20AF158C-F359-4A05-9026-FA413420196F}.Release|Any CPU.ActiveCfg = Release|Any CPU
		{20AF158C-F359-4A05-9026-FA413420196F}.Release|Any CPU.Build.0 = Release|Any CPU
		{20AF158C-F359-4A05-9026-FA413420196F}.Release|Mixed Platforms.ActiveCfg = Release|Any CPU
		{20AF158C-F359-4A05-9026-FA413420196F}.Release|Mixed Platforms.Build.0 = Release|Any CPU
		{20AF158C-F359-4A05-9026-FA413420196F}.Release|x64.ActiveCfg = Release|Any CPU
		{20AF158C-F359-4A05-9026-FA413420196F}.Release|x64.Build.0 = Release|Any CPU
		{20AF158C-F359-4A05-9026-FA413420196F}.Release|x86.ActiveCfg = Release|Any CPU
		{20AF158C-F359-4A05-9026-FA413420196F}.Release|x86.Build.0 = Release|Any CPU
		{F951789F-1ABB-42E8-BB51-F028DC4824EF}.Debug|Any CPU.ActiveCfg = Debug|Any CPU
		{F951789F-1ABB-42E8-BB51-F028DC4824EF}.Debug|Any CPU.Build.0 = Debug|Any CPU
		{F951789F-1ABB-42E8-BB51-F028DC4824EF}.Debug|Mixed Platforms.ActiveCfg = Debug|x86
		{F951789F-1ABB-42E8-BB51-F028DC4824EF}.Debug|Mixed Platforms.Build.0 = Debug|x86
		{F951789F-1ABB-42E8-BB51-F028DC4824EF}.Debug|x64.ActiveCfg = Debug|x64
		{F951789F-1ABB-42E8-BB51-F028DC4824EF}.Debug|x64.Build.0 = Debug|x64
		{F951789F-1ABB-42E8-BB51-F028DC4824EF}.Debug|x86.ActiveCfg = Debug|x86
		{F951789F-1ABB-42E8-BB51-F028DC4824EF}.Debug|x86.Build.0 = Debug|x86
		{F951789F-1ABB-42E8-BB51-F028DC4824EF}.Debugx64|Any CPU.ActiveCfg = Debugx64|Any CPU
		{F951789F-1ABB-42E8-BB51-F028DC4824EF}.Debugx64|Any CPU.Build.0 = Debugx64|Any CPU
		{F951789F-1ABB-42E8-BB51-F028DC4824EF}.Debugx64|Mixed Platforms.ActiveCfg = Debugx64|x86
		{F951789F-1ABB-42E8-BB51-F028DC4824EF}.Debugx64|Mixed Platforms.Build.0 = Debugx64|x86
		{F951789F-1ABB-42E8-BB51-F028DC4824EF}.Debugx64|x64.ActiveCfg = Debugx64|x64
		{F951789F-1ABB-42E8-BB51-F028DC4824EF}.Debugx64|x64.Build.0 = Debugx64|x64
		{F951789F-1ABB-42E8-BB51-F028DC4824EF}.Debugx64|x86.ActiveCfg = Debugx64|x86
		{F951789F-1ABB-42E8-BB51-F028DC4824EF}.Debugx64|x86.Build.0 = Debugx64|x86
		{F951789F-1ABB-42E8-BB51-F028DC4824EF}.Release|Any CPU.ActiveCfg = Release|Any CPU
		{F951789F-1ABB-42E8-BB51-F028DC4824EF}.Release|Any CPU.Build.0 = Release|Any CPU
		{F951789F-1ABB-42E8-BB51-F028DC4824EF}.Release|Mixed Platforms.ActiveCfg = Release|x86
		{F951789F-1ABB-42E8-BB51-F028DC4824EF}.Release|Mixed Platforms.Build.0 = Release|x86
		{F951789F-1ABB-42E8-BB51-F028DC4824EF}.Release|x64.ActiveCfg = Release|x64
		{F951789F-1ABB-42E8-BB51-F028DC4824EF}.Release|x64.Build.0 = Release|x64
		{F951789F-1ABB-42E8-BB51-F028DC4824EF}.Release|x86.ActiveCfg = Release|x86
		{F951789F-1ABB-42E8-BB51-F028DC4824EF}.Release|x86.Build.0 = Release|x86
		{8EB4E07E-76C8-445A-8252-5B392A9C12FB}.Debug|Any CPU.ActiveCfg = Debug|Any CPU
		{8EB4E07E-76C8-445A-8252-5B392A9C12FB}.Debug|Any CPU.Build.0 = Debug|Any CPU
		{8EB4E07E-76C8-445A-8252-5B392A9C12FB}.Debug|Mixed Platforms.ActiveCfg = Debug|x86
		{8EB4E07E-76C8-445A-8252-5B392A9C12FB}.Debug|Mixed Platforms.Build.0 = Debug|x86
		{8EB4E07E-76C8-445A-8252-5B392A9C12FB}.Debug|x64.ActiveCfg = Debug|x64
		{8EB4E07E-76C8-445A-8252-5B392A9C12FB}.Debug|x64.Build.0 = Debug|x64
		{8EB4E07E-76C8-445A-8252-5B392A9C12FB}.Debug|x86.ActiveCfg = Debug|x86
		{8EB4E07E-76C8-445A-8252-5B392A9C12FB}.Debug|x86.Build.0 = Debug|x86
		{8EB4E07E-76C8-445A-8252-5B392A9C12FB}.Debugx64|Any CPU.ActiveCfg = Debugx64|Any CPU
		{8EB4E07E-76C8-445A-8252-5B392A9C12FB}.Debugx64|Any CPU.Build.0 = Debugx64|Any CPU
		{8EB4E07E-76C8-445A-8252-5B392A9C12FB}.Debugx64|Mixed Platforms.ActiveCfg = Debugx64|x86
		{8EB4E07E-76C8-445A-8252-5B392A9C12FB}.Debugx64|Mixed Platforms.Build.0 = Debugx64|x86
		{8EB4E07E-76C8-445A-8252-5B392A9C12FB}.Debugx64|x64.ActiveCfg = Debugx64|x64
		{8EB4E07E-76C8-445A-8252-5B392A9C12FB}.Debugx64|x64.Build.0 = Debugx64|x64
		{8EB4E07E-76C8-445A-8252-5B392A9C12FB}.Debugx64|x86.ActiveCfg = Debugx64|x86
		{8EB4E07E-76C8-445A-8252-5B392A9C12FB}.Debugx64|x86.Build.0 = Debugx64|x86
		{8EB4E07E-76C8-445A-8252-5B392A9C12FB}.Release|Any CPU.ActiveCfg = Release|Any CPU
		{8EB4E07E-76C8-445A-8252-5B392A9C12FB}.Release|Any CPU.Build.0 = Release|Any CPU
		{8EB4E07E-76C8-445A-8252-5B392A9C12FB}.Release|Mixed Platforms.ActiveCfg = Release|x86
		{8EB4E07E-76C8-445A-8252-5B392A9C12FB}.Release|Mixed Platforms.Build.0 = Release|x86
		{8EB4E07E-76C8-445A-8252-5B392A9C12FB}.Release|x64.ActiveCfg = Release|x64
		{8EB4E07E-76C8-445A-8252-5B392A9C12FB}.Release|x64.Build.0 = Release|x64
		{8EB4E07E-76C8-445A-8252-5B392A9C12FB}.Release|x86.ActiveCfg = Release|x86
		{8EB4E07E-76C8-445A-8252-5B392A9C12FB}.Release|x86.Build.0 = Release|x86
		{7194705F-5564-4040-BC8A-8FAD806F5408}.Debug|Any CPU.ActiveCfg = Debug|Any CPU
		{7194705F-5564-4040-BC8A-8FAD806F5408}.Debug|Any CPU.Build.0 = Debug|Any CPU
		{7194705F-5564-4040-BC8A-8FAD806F5408}.Debug|Mixed Platforms.ActiveCfg = Debug|x86
		{7194705F-5564-4040-BC8A-8FAD806F5408}.Debug|Mixed Platforms.Build.0 = Debug|x86
		{7194705F-5564-4040-BC8A-8FAD806F5408}.Debug|x64.ActiveCfg = Debug|x64
		{7194705F-5564-4040-BC8A-8FAD806F5408}.Debug|x64.Build.0 = Debug|x64
		{7194705F-5564-4040-BC8A-8FAD806F5408}.Debug|x86.ActiveCfg = Debug|x86
		{7194705F-5564-4040-BC8A-8FAD806F5408}.Debug|x86.Build.0 = Debug|x86
		{7194705F-5564-4040-BC8A-8FAD806F5408}.Debugx64|Any CPU.ActiveCfg = Debugx64|Any CPU
		{7194705F-5564-4040-BC8A-8FAD806F5408}.Debugx64|Any CPU.Build.0 = Debugx64|Any CPU
		{7194705F-5564-4040-BC8A-8FAD806F5408}.Debugx64|Mixed Platforms.ActiveCfg = Debugx64|x86
		{7194705F-5564-4040-BC8A-8FAD806F5408}.Debugx64|Mixed Platforms.Build.0 = Debugx64|x86
		{7194705F-5564-4040-BC8A-8FAD806F5408}.Debugx64|x64.ActiveCfg = Debugx64|x64
		{7194705F-5564-4040-BC8A-8FAD806F5408}.Debugx64|x64.Build.0 = Debugx64|x64
		{7194705F-5564-4040-BC8A-8FAD806F5408}.Debugx64|x86.ActiveCfg = Debugx64|x86
		{7194705F-5564-4040-BC8A-8FAD806F5408}.Debugx64|x86.Build.0 = Debugx64|x86
		{7194705F-5564-4040-BC8A-8FAD806F5408}.Release|Any CPU.ActiveCfg = Release|Any CPU
		{7194705F-5564-4040-BC8A-8FAD806F5408}.Release|Any CPU.Build.0 = Release|Any CPU
		{7194705F-5564-4040-BC8A-8FAD806F5408}.Release|Mixed Platforms.ActiveCfg = Release|x86
		{7194705F-5564-4040-BC8A-8FAD806F5408}.Release|Mixed Platforms.Build.0 = Release|x86
		{7194705F-5564-4040-BC8A-8FAD806F5408}.Release|x64.ActiveCfg = Release|x64
		{7194705F-5564-4040-BC8A-8FAD806F5408}.Release|x64.Build.0 = Release|x64
		{7194705F-5564-4040-BC8A-8FAD806F5408}.Release|x86.ActiveCfg = Release|x86
		{7194705F-5564-4040-BC8A-8FAD806F5408}.Release|x86.Build.0 = Release|x86
		{CEA8E4DD-9CE4-4878-B075-34522417ACD0}.Debug|Any CPU.ActiveCfg = Debug|Any CPU
		{CEA8E4DD-9CE4-4878-B075-34522417ACD0}.Debug|Any CPU.Build.0 = Debug|Any CPU
		{CEA8E4DD-9CE4-4878-B075-34522417ACD0}.Debug|Mixed Platforms.ActiveCfg = Debug|x86
		{CEA8E4DD-9CE4-4878-B075-34522417ACD0}.Debug|Mixed Platforms.Build.0 = Debug|x86
		{CEA8E4DD-9CE4-4878-B075-34522417ACD0}.Debug|x64.ActiveCfg = Debug|x64
		{CEA8E4DD-9CE4-4878-B075-34522417ACD0}.Debug|x64.Build.0 = Debug|x64
		{CEA8E4DD-9CE4-4878-B075-34522417ACD0}.Debug|x86.ActiveCfg = Debug|x86
		{CEA8E4DD-9CE4-4878-B075-34522417ACD0}.Debug|x86.Build.0 = Debug|x86
		{CEA8E4DD-9CE4-4878-B075-34522417ACD0}.Debugx64|Any CPU.ActiveCfg = Debugx64|Any CPU
		{CEA8E4DD-9CE4-4878-B075-34522417ACD0}.Debugx64|Any CPU.Build.0 = Debugx64|Any CPU
		{CEA8E4DD-9CE4-4878-B075-34522417ACD0}.Debugx64|Mixed Platforms.ActiveCfg = Debugx64|x86
		{CEA8E4DD-9CE4-4878-B075-34522417ACD0}.Debugx64|Mixed Platforms.Build.0 = Debugx64|x86
		{CEA8E4DD-9CE4-4878-B075-34522417ACD0}.Debugx64|x64.ActiveCfg = Debugx64|x64
		{CEA8E4DD-9CE4-4878-B075-34522417ACD0}.Debugx64|x64.Build.0 = Debugx64|x64
		{CEA8E4DD-9CE4-4878-B075-34522417ACD0}.Debugx64|x86.ActiveCfg = Debugx64|x86
		{CEA8E4DD-9CE4-4878-B075-34522417ACD0}.Debugx64|x86.Build.0 = Debugx64|x86
		{CEA8E4DD-9CE4-4878-B075-34522417ACD0}.Release|Any CPU.ActiveCfg = Release|Any CPU
		{CEA8E4DD-9CE4-4878-B075-34522417ACD0}.Release|Any CPU.Build.0 = Release|Any CPU
		{CEA8E4DD-9CE4-4878-B075-34522417ACD0}.Release|Mixed Platforms.ActiveCfg = Release|x86
		{CEA8E4DD-9CE4-4878-B075-34522417ACD0}.Release|Mixed Platforms.Build.0 = Release|x86
		{CEA8E4DD-9CE4-4878-B075-34522417ACD0}.Release|x64.ActiveCfg = Release|x64
		{CEA8E4DD-9CE4-4878-B075-34522417ACD0}.Release|x64.Build.0 = Release|x64
		{CEA8E4DD-9CE4-4878-B075-34522417ACD0}.Release|x86.ActiveCfg = Release|x86
		{CEA8E4DD-9CE4-4878-B075-34522417ACD0}.Release|x86.Build.0 = Release|x86
		{5D73FBAC-897F-4FEA-BAF9-61823545FE70}.Debug|Any CPU.ActiveCfg = Debug|Any CPU
		{5D73FBAC-897F-4FEA-BAF9-61823545FE70}.Debug|Any CPU.Build.0 = Debug|Any CPU
		{5D73FBAC-897F-4FEA-BAF9-61823545FE70}.Debug|Mixed Platforms.ActiveCfg = Debug|x86
		{5D73FBAC-897F-4FEA-BAF9-61823545FE70}.Debug|Mixed Platforms.Build.0 = Debug|x86
		{5D73FBAC-897F-4FEA-BAF9-61823545FE70}.Debug|x64.ActiveCfg = Debug|x64
		{5D73FBAC-897F-4FEA-BAF9-61823545FE70}.Debug|x64.Build.0 = Debug|x64
		{5D73FBAC-897F-4FEA-BAF9-61823545FE70}.Debug|x86.ActiveCfg = Debug|x86
		{5D73FBAC-897F-4FEA-BAF9-61823545FE70}.Debug|x86.Build.0 = Debug|x86
		{5D73FBAC-897F-4FEA-BAF9-61823545FE70}.Debugx64|Any CPU.ActiveCfg = Debugx64|Any CPU
		{5D73FBAC-897F-4FEA-BAF9-61823545FE70}.Debugx64|Any CPU.Build.0 = Debugx64|Any CPU
		{5D73FBAC-897F-4FEA-BAF9-61823545FE70}.Debugx64|Mixed Platforms.ActiveCfg = Debugx64|x86
		{5D73FBAC-897F-4FEA-BAF9-61823545FE70}.Debugx64|Mixed Platforms.Build.0 = Debugx64|x86
		{5D73FBAC-897F-4FEA-BAF9-61823545FE70}.Debugx64|x64.ActiveCfg = Debugx64|x64
		{5D73FBAC-897F-4FEA-BAF9-61823545FE70}.Debugx64|x64.Build.0 = Debugx64|x64
		{5D73FBAC-897F-4FEA-BAF9-61823545FE70}.Debugx64|x86.ActiveCfg = Debugx64|x86
		{5D73FBAC-897F-4FEA-BAF9-61823545FE70}.Debugx64|x86.Build.0 = Debugx64|x86
		{5D73FBAC-897F-4FEA-BAF9-61823545FE70}.Release|Any CPU.ActiveCfg = Release|Any CPU
		{5D73FBAC-897F-4FEA-BAF9-61823545FE70}.Release|Any CPU.Build.0 = Release|Any CPU
		{5D73FBAC-897F-4FEA-BAF9-61823545FE70}.Release|Mixed Platforms.ActiveCfg = Release|x86
		{5D73FBAC-897F-4FEA-BAF9-61823545FE70}.Release|Mixed Platforms.Build.0 = Release|x86
		{5D73FBAC-897F-4FEA-BAF9-61823545FE70}.Release|x64.ActiveCfg = Release|x64
		{5D73FBAC-897F-4FEA-BAF9-61823545FE70}.Release|x64.Build.0 = Release|x64
		{5D73FBAC-897F-4FEA-BAF9-61823545FE70}.Release|x86.ActiveCfg = Release|x86
		{5D73FBAC-897F-4FEA-BAF9-61823545FE70}.Release|x86.Build.0 = Release|x86
		{976A21FD-126C-409E-A9E8-4E2278D67360}.Debug|Any CPU.ActiveCfg = Debug|Any CPU
		{976A21FD-126C-409E-A9E8-4E2278D67360}.Debug|Any CPU.Build.0 = Debug|Any CPU
		{976A21FD-126C-409E-A9E8-4E2278D67360}.Debug|Mixed Platforms.ActiveCfg = Debug|x86
		{976A21FD-126C-409E-A9E8-4E2278D67360}.Debug|Mixed Platforms.Build.0 = Debug|x86
		{976A21FD-126C-409E-A9E8-4E2278D67360}.Debug|x64.ActiveCfg = Debug|x64
		{976A21FD-126C-409E-A9E8-4E2278D67360}.Debug|x64.Build.0 = Debug|x64
		{976A21FD-126C-409E-A9E8-4E2278D67360}.Debug|x86.ActiveCfg = Debug|x86
		{976A21FD-126C-409E-A9E8-4E2278D67360}.Debug|x86.Build.0 = Debug|x86
		{976A21FD-126C-409E-A9E8-4E2278D67360}.Debugx64|Any CPU.ActiveCfg = Debugx64|Any CPU
		{976A21FD-126C-409E-A9E8-4E2278D67360}.Debugx64|Any CPU.Build.0 = Debugx64|Any CPU
		{976A21FD-126C-409E-A9E8-4E2278D67360}.Debugx64|Mixed Platforms.ActiveCfg = Debugx64|x86
		{976A21FD-126C-409E-A9E8-4E2278D67360}.Debugx64|Mixed Platforms.Build.0 = Debugx64|x86
		{976A21FD-126C-409E-A9E8-4E2278D67360}.Debugx64|x64.ActiveCfg = Debugx64|x64
		{976A21FD-126C-409E-A9E8-4E2278D67360}.Debugx64|x64.Build.0 = Debugx64|x64
		{976A21FD-126C-409E-A9E8-4E2278D67360}.Debugx64|x86.ActiveCfg = Debugx64|x86
		{976A21FD-126C-409E-A9E8-4E2278D67360}.Debugx64|x86.Build.0 = Debugx64|x86
		{976A21FD-126C-409E-A9E8-4E2278D67360}.Release|Any CPU.ActiveCfg = Release|Any CPU
		{976A21FD-126C-409E-A9E8-4E2278D67360}.Release|Any CPU.Build.0 = Release|Any CPU
		{976A21FD-126C-409E-A9E8-4E2278D67360}.Release|Mixed Platforms.ActiveCfg = Release|x86
		{976A21FD-126C-409E-A9E8-4E2278D67360}.Release|Mixed Platforms.Build.0 = Release|x86
		{976A21FD-126C-409E-A9E8-4E2278D67360}.Release|x64.ActiveCfg = Release|x64
		{976A21FD-126C-409E-A9E8-4E2278D67360}.Release|x64.Build.0 = Release|x64
		{976A21FD-126C-409E-A9E8-4E2278D67360}.Release|x86.ActiveCfg = Release|x86
		{976A21FD-126C-409E-A9E8-4E2278D67360}.Release|x86.Build.0 = Release|x86
		{1F5CAE96-9ABC-4F9C-964A-86DDD9AC272E}.Debug|Any CPU.ActiveCfg = Debug|Any CPU
		{1F5CAE96-9ABC-4F9C-964A-86DDD9AC272E}.Debug|Any CPU.Build.0 = Debug|Any CPU
		{1F5CAE96-9ABC-4F9C-964A-86DDD9AC272E}.Debug|Mixed Platforms.ActiveCfg = Debug|x86
		{1F5CAE96-9ABC-4F9C-964A-86DDD9AC272E}.Debug|Mixed Platforms.Build.0 = Debug|x86
		{1F5CAE96-9ABC-4F9C-964A-86DDD9AC272E}.Debug|x64.ActiveCfg = Debug|x64
		{1F5CAE96-9ABC-4F9C-964A-86DDD9AC272E}.Debug|x64.Build.0 = Debug|x64
		{1F5CAE96-9ABC-4F9C-964A-86DDD9AC272E}.Debug|x86.ActiveCfg = Debug|x86
		{1F5CAE96-9ABC-4F9C-964A-86DDD9AC272E}.Debug|x86.Build.0 = Debug|x86
		{1F5CAE96-9ABC-4F9C-964A-86DDD9AC272E}.Debugx64|Any CPU.ActiveCfg = Debugx64|Any CPU
		{1F5CAE96-9ABC-4F9C-964A-86DDD9AC272E}.Debugx64|Any CPU.Build.0 = Debugx64|Any CPU
		{1F5CAE96-9ABC-4F9C-964A-86DDD9AC272E}.Debugx64|Mixed Platforms.ActiveCfg = Debugx64|x86
		{1F5CAE96-9ABC-4F9C-964A-86DDD9AC272E}.Debugx64|Mixed Platforms.Build.0 = Debugx64|x86
		{1F5CAE96-9ABC-4F9C-964A-86DDD9AC272E}.Debugx64|x64.ActiveCfg = Debugx64|x64
		{1F5CAE96-9ABC-4F9C-964A-86DDD9AC272E}.Debugx64|x64.Build.0 = Debugx64|x64
		{1F5CAE96-9ABC-4F9C-964A-86DDD9AC272E}.Debugx64|x86.ActiveCfg = Debugx64|x86
		{1F5CAE96-9ABC-4F9C-964A-86DDD9AC272E}.Debugx64|x86.Build.0 = Debugx64|x86
		{1F5CAE96-9ABC-4F9C-964A-86DDD9AC272E}.Release|Any CPU.ActiveCfg = Release|Any CPU
		{1F5CAE96-9ABC-4F9C-964A-86DDD9AC272E}.Release|Any CPU.Build.0 = Release|Any CPU
		{1F5CAE96-9ABC-4F9C-964A-86DDD9AC272E}.Release|Mixed Platforms.ActiveCfg = Release|x86
		{1F5CAE96-9ABC-4F9C-964A-86DDD9AC272E}.Release|Mixed Platforms.Build.0 = Release|x86
		{1F5CAE96-9ABC-4F9C-964A-86DDD9AC272E}.Release|x64.ActiveCfg = Release|x64
		{1F5CAE96-9ABC-4F9C-964A-86DDD9AC272E}.Release|x64.Build.0 = Release|x64
		{1F5CAE96-9ABC-4F9C-964A-86DDD9AC272E}.Release|x86.ActiveCfg = Release|x86
		{1F5CAE96-9ABC-4F9C-964A-86DDD9AC272E}.Release|x86.Build.0 = Release|x86
		{8A2CFE65-422F-4F16-8841-B44067BAB59F}.Debug|Any CPU.ActiveCfg = Debug|Any CPU
		{8A2CFE65-422F-4F16-8841-B44067BAB59F}.Debug|Any CPU.Build.0 = Debug|Any CPU
		{8A2CFE65-422F-4F16-8841-B44067BAB59F}.Debug|Mixed Platforms.ActiveCfg = Debug|x86
		{8A2CFE65-422F-4F16-8841-B44067BAB59F}.Debug|Mixed Platforms.Build.0 = Debug|x86
		{8A2CFE65-422F-4F16-8841-B44067BAB59F}.Debug|x64.ActiveCfg = Debug|x64
		{8A2CFE65-422F-4F16-8841-B44067BAB59F}.Debug|x64.Build.0 = Debug|x64
		{8A2CFE65-422F-4F16-8841-B44067BAB59F}.Debug|x86.ActiveCfg = Debug|x86
		{8A2CFE65-422F-4F16-8841-B44067BAB59F}.Debug|x86.Build.0 = Debug|x86
		{8A2CFE65-422F-4F16-8841-B44067BAB59F}.Debugx64|Any CPU.ActiveCfg = Debugx64|Any CPU
		{8A2CFE65-422F-4F16-8841-B44067BAB59F}.Debugx64|Any CPU.Build.0 = Debugx64|Any CPU
		{8A2CFE65-422F-4F16-8841-B44067BAB59F}.Debugx64|Mixed Platforms.ActiveCfg = Debugx64|x86
		{8A2CFE65-422F-4F16-8841-B44067BAB59F}.Debugx64|Mixed Platforms.Build.0 = Debugx64|x86
		{8A2CFE65-422F-4F16-8841-B44067BAB59F}.Debugx64|x64.ActiveCfg = Debugx64|x64
		{8A2CFE65-422F-4F16-8841-B44067BAB59F}.Debugx64|x64.Build.0 = Debugx64|x64
		{8A2CFE65-422F-4F16-8841-B44067BAB59F}.Debugx64|x86.ActiveCfg = Debugx64|x86
		{8A2CFE65-422F-4F16-8841-B44067BAB59F}.Debugx64|x86.Build.0 = Debugx64|x86
		{8A2CFE65-422F-4F16-8841-B44067BAB59F}.Release|Any CPU.ActiveCfg = Release|Any CPU
		{8A2CFE65-422F-4F16-8841-B44067BAB59F}.Release|Any CPU.Build.0 = Release|Any CPU
		{8A2CFE65-422F-4F16-8841-B44067BAB59F}.Release|Mixed Platforms.ActiveCfg = Release|x86
		{8A2CFE65-422F-4F16-8841-B44067BAB59F}.Release|Mixed Platforms.Build.0 = Release|x86
		{8A2CFE65-422F-4F16-8841-B44067BAB59F}.Release|x64.ActiveCfg = Release|x64
		{8A2CFE65-422F-4F16-8841-B44067BAB59F}.Release|x64.Build.0 = Release|x64
		{8A2CFE65-422F-4F16-8841-B44067BAB59F}.Release|x86.ActiveCfg = Release|x86
		{8A2CFE65-422F-4F16-8841-B44067BAB59F}.Release|x86.Build.0 = Release|x86
		{DACB52F5-8A31-49D8-AEA6-F4A68A184FBE}.Debug|Any CPU.ActiveCfg = Debug|Any CPU
		{DACB52F5-8A31-49D8-AEA6-F4A68A184FBE}.Debug|Any CPU.Build.0 = Debug|Any CPU
		{DACB52F5-8A31-49D8-AEA6-F4A68A184FBE}.Debug|Mixed Platforms.ActiveCfg = Debug|x86
		{DACB52F5-8A31-49D8-AEA6-F4A68A184FBE}.Debug|Mixed Platforms.Build.0 = Debug|x86
		{DACB52F5-8A31-49D8-AEA6-F4A68A184FBE}.Debug|x64.ActiveCfg = Debug|x64
		{DACB52F5-8A31-49D8-AEA6-F4A68A184FBE}.Debug|x64.Build.0 = Debug|x64
		{DACB52F5-8A31-49D8-AEA6-F4A68A184FBE}.Debug|x86.ActiveCfg = Debug|x86
		{DACB52F5-8A31-49D8-AEA6-F4A68A184FBE}.Debug|x86.Build.0 = Debug|x86
		{DACB52F5-8A31-49D8-AEA6-F4A68A184FBE}.Debugx64|Any CPU.ActiveCfg = Debugx64|Any CPU
		{DACB52F5-8A31-49D8-AEA6-F4A68A184FBE}.Debugx64|Any CPU.Build.0 = Debugx64|Any CPU
		{DACB52F5-8A31-49D8-AEA6-F4A68A184FBE}.Debugx64|Mixed Platforms.ActiveCfg = Debugx64|x86
		{DACB52F5-8A31-49D8-AEA6-F4A68A184FBE}.Debugx64|Mixed Platforms.Build.0 = Debugx64|x86
		{DACB52F5-8A31-49D8-AEA6-F4A68A184FBE}.Debugx64|x64.ActiveCfg = Debugx64|x64
		{DACB52F5-8A31-49D8-AEA6-F4A68A184FBE}.Debugx64|x64.Build.0 = Debugx64|x64
		{DACB52F5-8A31-49D8-AEA6-F4A68A184FBE}.Debugx64|x86.ActiveCfg = Debugx64|x86
		{DACB52F5-8A31-49D8-AEA6-F4A68A184FBE}.Debugx64|x86.Build.0 = Debugx64|x86
		{DACB52F5-8A31-49D8-AEA6-F4A68A184FBE}.Release|Any CPU.ActiveCfg = Release|Any CPU
		{DACB52F5-8A31-49D8-AEA6-F4A68A184FBE}.Release|Any CPU.Build.0 = Release|Any CPU
		{DACB52F5-8A31-49D8-AEA6-F4A68A184FBE}.Release|Mixed Platforms.ActiveCfg = Release|x86
		{DACB52F5-8A31-49D8-AEA6-F4A68A184FBE}.Release|Mixed Platforms.Build.0 = Release|x86
		{DACB52F5-8A31-49D8-AEA6-F4A68A184FBE}.Release|x64.ActiveCfg = Release|x64
		{DACB52F5-8A31-49D8-AEA6-F4A68A184FBE}.Release|x64.Build.0 = Release|x64
		{DACB52F5-8A31-49D8-AEA6-F4A68A184FBE}.Release|x86.ActiveCfg = Release|x86
		{DACB52F5-8A31-49D8-AEA6-F4A68A184FBE}.Release|x86.Build.0 = Release|x86
		{0E37C7C5-D19B-4D55-B4F0-F95FED155AE3}.Debug|Any CPU.ActiveCfg = Debug|Any CPU
		{0E37C7C5-D19B-4D55-B4F0-F95FED155AE3}.Debug|Any CPU.Build.0 = Debug|Any CPU
		{0E37C7C5-D19B-4D55-B4F0-F95FED155AE3}.Debug|Mixed Platforms.ActiveCfg = Debug|x86
		{0E37C7C5-D19B-4D55-B4F0-F95FED155AE3}.Debug|Mixed Platforms.Build.0 = Debug|x86
		{0E37C7C5-D19B-4D55-B4F0-F95FED155AE3}.Debug|x64.ActiveCfg = Debug|x64
		{0E37C7C5-D19B-4D55-B4F0-F95FED155AE3}.Debug|x64.Build.0 = Debug|x64
		{0E37C7C5-D19B-4D55-B4F0-F95FED155AE3}.Debug|x86.ActiveCfg = Debug|x86
		{0E37C7C5-D19B-4D55-B4F0-F95FED155AE3}.Debug|x86.Build.0 = Debug|x86
		{0E37C7C5-D19B-4D55-B4F0-F95FED155AE3}.Debugx64|Any CPU.ActiveCfg = Debugx64|Any CPU
		{0E37C7C5-D19B-4D55-B4F0-F95FED155AE3}.Debugx64|Any CPU.Build.0 = Debugx64|Any CPU
		{0E37C7C5-D19B-4D55-B4F0-F95FED155AE3}.Debugx64|Mixed Platforms.ActiveCfg = Debugx64|x86
		{0E37C7C5-D19B-4D55-B4F0-F95FED155AE3}.Debugx64|Mixed Platforms.Build.0 = Debugx64|x86
		{0E37C7C5-D19B-4D55-B4F0-F95FED155AE3}.Debugx64|x64.ActiveCfg = Debugx64|x64
		{0E37C7C5-D19B-4D55-B4F0-F95FED155AE3}.Debugx64|x64.Build.0 = Debugx64|x64
		{0E37C7C5-D19B-4D55-B4F0-F95FED155AE3}.Debugx64|x86.ActiveCfg = Debugx64|x86
		{0E37C7C5-D19B-4D55-B4F0-F95FED155AE3}.Debugx64|x86.Build.0 = Debugx64|x86
		{0E37C7C5-D19B-4D55-B4F0-F95FED155AE3}.Release|Any CPU.ActiveCfg = Release|Any CPU
		{0E37C7C5-D19B-4D55-B4F0-F95FED155AE3}.Release|Any CPU.Build.0 = Release|Any CPU
		{0E37C7C5-D19B-4D55-B4F0-F95FED155AE3}.Release|Mixed Platforms.ActiveCfg = Release|x86
		{0E37C7C5-D19B-4D55-B4F0-F95FED155AE3}.Release|Mixed Platforms.Build.0 = Release|x86
		{0E37C7C5-D19B-4D55-B4F0-F95FED155AE3}.Release|x64.ActiveCfg = Release|x64
		{0E37C7C5-D19B-4D55-B4F0-F95FED155AE3}.Release|x64.Build.0 = Release|x64
		{0E37C7C5-D19B-4D55-B4F0-F95FED155AE3}.Release|x86.ActiveCfg = Release|x86
		{0E37C7C5-D19B-4D55-B4F0-F95FED155AE3}.Release|x86.Build.0 = Release|x86
		{3853A052-236B-4A7F-B55A-804E9DCBAA93}.Debug|Any CPU.ActiveCfg = Debug|Any CPU
		{3853A052-236B-4A7F-B55A-804E9DCBAA93}.Debug|Any CPU.Build.0 = Debug|Any CPU
		{3853A052-236B-4A7F-B55A-804E9DCBAA93}.Debug|Mixed Platforms.ActiveCfg = Debug|Any CPU
		{3853A052-236B-4A7F-B55A-804E9DCBAA93}.Debug|Mixed Platforms.Build.0 = Debug|Any CPU
		{3853A052-236B-4A7F-B55A-804E9DCBAA93}.Debug|x64.ActiveCfg = Debug|Any CPU
		{3853A052-236B-4A7F-B55A-804E9DCBAA93}.Debug|x64.Build.0 = Debug|Any CPU
		{3853A052-236B-4A7F-B55A-804E9DCBAA93}.Debug|x86.ActiveCfg = Debug|Any CPU
		{3853A052-236B-4A7F-B55A-804E9DCBAA93}.Debug|x86.Build.0 = Debug|Any CPU
		{3853A052-236B-4A7F-B55A-804E9DCBAA93}.Debugx64|Any CPU.ActiveCfg = Debug|Any CPU
		{3853A052-236B-4A7F-B55A-804E9DCBAA93}.Debugx64|Any CPU.Build.0 = Debug|Any CPU
		{3853A052-236B-4A7F-B55A-804E9DCBAA93}.Debugx64|Mixed Platforms.ActiveCfg = Debug|Any CPU
		{3853A052-236B-4A7F-B55A-804E9DCBAA93}.Debugx64|Mixed Platforms.Build.0 = Debug|Any CPU
		{3853A052-236B-4A7F-B55A-804E9DCBAA93}.Debugx64|x64.ActiveCfg = Debug|Any CPU
		{3853A052-236B-4A7F-B55A-804E9DCBAA93}.Debugx64|x64.Build.0 = Debug|Any CPU
		{3853A052-236B-4A7F-B55A-804E9DCBAA93}.Debugx64|x86.ActiveCfg = Debug|Any CPU
		{3853A052-236B-4A7F-B55A-804E9DCBAA93}.Debugx64|x86.Build.0 = Debug|Any CPU
		{3853A052-236B-4A7F-B55A-804E9DCBAA93}.Release|Any CPU.ActiveCfg = Release|Any CPU
		{3853A052-236B-4A7F-B55A-804E9DCBAA93}.Release|Any CPU.Build.0 = Release|Any CPU
		{3853A052-236B-4A7F-B55A-804E9DCBAA93}.Release|Mixed Platforms.ActiveCfg = Release|Any CPU
		{3853A052-236B-4A7F-B55A-804E9DCBAA93}.Release|Mixed Platforms.Build.0 = Release|Any CPU
		{3853A052-236B-4A7F-B55A-804E9DCBAA93}.Release|x64.ActiveCfg = Release|Any CPU
		{3853A052-236B-4A7F-B55A-804E9DCBAA93}.Release|x64.Build.0 = Release|Any CPU
		{3853A052-236B-4A7F-B55A-804E9DCBAA93}.Release|x86.ActiveCfg = Release|Any CPU
		{3853A052-236B-4A7F-B55A-804E9DCBAA93}.Release|x86.Build.0 = Release|Any CPU
		{28F1F1FE-C048-4AF0-9D5F-697FD1947070}.Debug|Any CPU.ActiveCfg = Debug|Any CPU
		{28F1F1FE-C048-4AF0-9D5F-697FD1947070}.Debug|Any CPU.Build.0 = Debug|Any CPU
		{28F1F1FE-C048-4AF0-9D5F-697FD1947070}.Debug|Mixed Platforms.ActiveCfg = Debug|Any CPU
		{28F1F1FE-C048-4AF0-9D5F-697FD1947070}.Debug|Mixed Platforms.Build.0 = Debug|Any CPU
		{28F1F1FE-C048-4AF0-9D5F-697FD1947070}.Debug|x64.ActiveCfg = Debug|Any CPU
		{28F1F1FE-C048-4AF0-9D5F-697FD1947070}.Debug|x64.Build.0 = Debug|Any CPU
		{28F1F1FE-C048-4AF0-9D5F-697FD1947070}.Debug|x86.ActiveCfg = Debug|Any CPU
		{28F1F1FE-C048-4AF0-9D5F-697FD1947070}.Debug|x86.Build.0 = Debug|Any CPU
		{28F1F1FE-C048-4AF0-9D5F-697FD1947070}.Debugx64|Any CPU.ActiveCfg = Debug|Any CPU
		{28F1F1FE-C048-4AF0-9D5F-697FD1947070}.Debugx64|Any CPU.Build.0 = Debug|Any CPU
		{28F1F1FE-C048-4AF0-9D5F-697FD1947070}.Debugx64|Mixed Platforms.ActiveCfg = Debug|Any CPU
		{28F1F1FE-C048-4AF0-9D5F-697FD1947070}.Debugx64|Mixed Platforms.Build.0 = Debug|Any CPU
		{28F1F1FE-C048-4AF0-9D5F-697FD1947070}.Debugx64|x64.ActiveCfg = Debug|Any CPU
		{28F1F1FE-C048-4AF0-9D5F-697FD1947070}.Debugx64|x64.Build.0 = Debug|Any CPU
		{28F1F1FE-C048-4AF0-9D5F-697FD1947070}.Debugx64|x86.ActiveCfg = Debug|Any CPU
		{28F1F1FE-C048-4AF0-9D5F-697FD1947070}.Debugx64|x86.Build.0 = Debug|Any CPU
		{28F1F1FE-C048-4AF0-9D5F-697FD1947070}.Release|Any CPU.ActiveCfg = Release|Any CPU
		{28F1F1FE-C048-4AF0-9D5F-697FD1947070}.Release|Any CPU.Build.0 = Release|Any CPU
		{28F1F1FE-C048-4AF0-9D5F-697FD1947070}.Release|Mixed Platforms.ActiveCfg = Release|Any CPU
		{28F1F1FE-C048-4AF0-9D5F-697FD1947070}.Release|Mixed Platforms.Build.0 = Release|Any CPU
		{28F1F1FE-C048-4AF0-9D5F-697FD1947070}.Release|x64.ActiveCfg = Release|Any CPU
		{28F1F1FE-C048-4AF0-9D5F-697FD1947070}.Release|x64.Build.0 = Release|Any CPU
		{28F1F1FE-C048-4AF0-9D5F-697FD1947070}.Release|x86.ActiveCfg = Release|Any CPU
		{28F1F1FE-C048-4AF0-9D5F-697FD1947070}.Release|x86.Build.0 = Release|Any CPU
	EndGlobalSection
	GlobalSection(SolutionProperties) = preSolution
		HideSolutionNode = FALSE
	EndGlobalSection
	GlobalSection(NestedProjects) = preSolution
		{031FFE96-4965-4D1E-AD80-1D051CF27AF8} = {3A407BCE-4A7A-4DB3-A64F-5F7D7B80BE97}
		{976A21FD-126C-409E-A9E8-4E2278D67360} = {5E5944F2-C3F4-4A8B-AE53-C9F81FD1B2D4}
		{1F5CAE96-9ABC-4F9C-964A-86DDD9AC272E} = {5E5944F2-C3F4-4A8B-AE53-C9F81FD1B2D4}
		{8A2CFE65-422F-4F16-8841-B44067BAB59F} = {5E5944F2-C3F4-4A8B-AE53-C9F81FD1B2D4}
		{DACB52F5-8A31-49D8-AEA6-F4A68A184FBE} = {5E5944F2-C3F4-4A8B-AE53-C9F81FD1B2D4}
		{0E37C7C5-D19B-4D55-B4F0-F95FED155AE3} = {5E5944F2-C3F4-4A8B-AE53-C9F81FD1B2D4}
		{3853A052-236B-4A7F-B55A-804E9DCBAA93} = {E353AD37-2C6D-4B65-9FB6-78A373453A40}
		{28F1F1FE-C048-4AF0-9D5F-697FD1947070} = {E353AD37-2C6D-4B65-9FB6-78A373453A40}
	EndGlobalSection
	GlobalSection(ExtensibilityGlobals) = postSolution
		SolutionGuid = {671256CA-8CD0-4CF2-9A9E-8655C2B800FB}
	EndGlobalSection
EndGlobal
